// !$*UTF8*$!
{
	archiveVersion = 1;
	classes = {
	};
	objectVersion = 70;
	objects = {

/* Begin PBXBuildFile section */
		4802D5302D1784D50060ADA0 /* ImagesListCell.swift in Sources */ = {isa = PBXBuildFile; fileRef = 4802D52F2D1784D50060ADA0 /* ImagesListCell.swift */; };
		4802D5702D1789FC0060ADA0 /* 0.jpg in Resources */ = {isa = PBXBuildFile; fileRef = 4802D55B2D1789FC0060ADA0 /* 0.jpg */; };
		4802D5712D1789FC0060ADA0 /* 1.jpg in Resources */ = {isa = PBXBuildFile; fileRef = 4802D55C2D1789FC0060ADA0 /* 1.jpg */; };
		4802D5722D1789FC0060ADA0 /* 2.jpg in Resources */ = {isa = PBXBuildFile; fileRef = 4802D55D2D1789FC0060ADA0 /* 2.jpg */; };
		4802D5732D1789FC0060ADA0 /* 3.jpg in Resources */ = {isa = PBXBuildFile; fileRef = 4802D55E2D1789FC0060ADA0 /* 3.jpg */; };
		4802D5742D1789FC0060ADA0 /* 4.jpg in Resources */ = {isa = PBXBuildFile; fileRef = 4802D55F2D1789FC0060ADA0 /* 4.jpg */; };
		4802D5752D1789FC0060ADA0 /* 5.jpg in Resources */ = {isa = PBXBuildFile; fileRef = 4802D5602D1789FC0060ADA0 /* 5.jpg */; };
		4802D5762D1789FC0060ADA0 /* 6.jpg in Resources */ = {isa = PBXBuildFile; fileRef = 4802D5612D1789FC0060ADA0 /* 6.jpg */; };
		4802D5772D1789FC0060ADA0 /* 7.jpg in Resources */ = {isa = PBXBuildFile; fileRef = 4802D5622D1789FC0060ADA0 /* 7.jpg */; };
		4802D5782D1789FC0060ADA0 /* 8.jpg in Resources */ = {isa = PBXBuildFile; fileRef = 4802D5632D1789FC0060ADA0 /* 8.jpg */; };
		4802D5792D1789FC0060ADA0 /* 9.jpg in Resources */ = {isa = PBXBuildFile; fileRef = 4802D5642D1789FC0060ADA0 /* 9.jpg */; };
		4802D57A2D1789FC0060ADA0 /* 10.jpg in Resources */ = {isa = PBXBuildFile; fileRef = 4802D5652D1789FC0060ADA0 /* 10.jpg */; };
		4802D57B2D1789FC0060ADA0 /* 11.jpg in Resources */ = {isa = PBXBuildFile; fileRef = 4802D5662D1789FC0060ADA0 /* 11.jpg */; };
		4802D57C2D1789FC0060ADA0 /* 12.jpg in Resources */ = {isa = PBXBuildFile; fileRef = 4802D5672D1789FC0060ADA0 /* 12.jpg */; };
		4802D57D2D1789FC0060ADA0 /* 13.jpg in Resources */ = {isa = PBXBuildFile; fileRef = 4802D5682D1789FC0060ADA0 /* 13.jpg */; };
		4802D57E2D1789FC0060ADA0 /* 14.jpg in Resources */ = {isa = PBXBuildFile; fileRef = 4802D5692D1789FC0060ADA0 /* 14.jpg */; };
		4802D57F2D1789FC0060ADA0 /* 15.jpg in Resources */ = {isa = PBXBuildFile; fileRef = 4802D56A2D1789FC0060ADA0 /* 15.jpg */; };
		4802D5802D1789FC0060ADA0 /* 16.jpg in Resources */ = {isa = PBXBuildFile; fileRef = 4802D56B2D1789FC0060ADA0 /* 16.jpg */; };
		4802D5812D1789FC0060ADA0 /* 17.jpg in Resources */ = {isa = PBXBuildFile; fileRef = 4802D56C2D1789FC0060ADA0 /* 17.jpg */; };
		4802D5822D1789FC0060ADA0 /* 18.jpg in Resources */ = {isa = PBXBuildFile; fileRef = 4802D56D2D1789FC0060ADA0 /* 18.jpg */; };
		4802D5832D1789FC0060ADA0 /* 19.jpg in Resources */ = {isa = PBXBuildFile; fileRef = 4802D56E2D1789FC0060ADA0 /* 19.jpg */; };
		4802D5892D179C250060ADA0 /* Active.png in Resources */ = {isa = PBXBuildFile; fileRef = 4802D5882D179C250060ADA0 /* Active.png */; };
		481CFBDE2D88ACE400933770 /* AuthHelper.swift in Sources */ = {isa = PBXBuildFile; fileRef = 481CFBDD2D88ACE300933770 /* AuthHelper.swift */; };
		481CFBE02D88CAAC00933770 /* ProfilePresenter.swift in Sources */ = {isa = PBXBuildFile; fileRef = 481CFBDF2D88CAAC00933770 /* ProfilePresenter.swift */; };
		481CFBE42D89568000933770 /* ImagesListPresenter.swift in Sources */ = {isa = PBXBuildFile; fileRef = 481CFBE32D89568000933770 /* ImagesListPresenter.swift */; };
		48549BE82D871F5A003A23CA /* WebViewPresenter.swift in Sources */ = {isa = PBXBuildFile; fileRef = 48549BE72D871F5A003A23CA /* WebViewPresenter.swift */; };
		4857E5DE2D5BD1DC00D1F94E /* ProgressHUD in Frameworks */ = {isa = PBXBuildFile; productRef = 4857E5DD2D5BD1DC00D1F94E /* ProgressHUD */; };
		486514FF2D18120C00BF6118 /* No Active.png in Resources */ = {isa = PBXBuildFile; fileRef = 486514FE2D18120C00BF6118 /* No Active.png */; };
		486515022D181B9700BF6118 /* Date + Extensions.swift in Sources */ = {isa = PBXBuildFile; fileRef = 486515012D181B9700BF6118 /* Date + Extensions.swift */; };
		486EF9972D7DBE3000089FBC /* ProfileLogoutService.swift in Sources */ = {isa = PBXBuildFile; fileRef = 486EF9962D7DBE3000089FBC /* ProfileLogoutService.swift */; };
		487048DA2D22BD9200ECA14A /* ProfileViewController.swift in Sources */ = {isa = PBXBuildFile; fileRef = 487048D92D22BD9200ECA14A /* ProfileViewController.swift */; };
		48774B462D26B78C000563CF /* SingleImageViewController.swift in Sources */ = {isa = PBXBuildFile; fileRef = 48774B452D26B78C000563CF /* SingleImageViewController.swift */; };
		489BA9322D7357B200D95951 /* TabBarController.swift in Sources */ = {isa = PBXBuildFile; fileRef = 489BA9312D7357B200D95951 /* TabBarController.swift */; };
		489BA9342D74897700D95951 /* ImagesListService.swift in Sources */ = {isa = PBXBuildFile; fileRef = 489BA9332D74896D00D95951 /* ImagesListService.swift */; };
		48B165232D2C732B00ECBCB7 /* SF-Pro-Italic.ttf in Resources */ = {isa = PBXBuildFile; fileRef = 48B165212D2C732B00ECBCB7 /* SF-Pro-Italic.ttf */; };
		48B165252D2C78F400ECBCB7 /* SF-Pro.ttf in Resources */ = {isa = PBXBuildFile; fileRef = 48B165242D2C78F400ECBCB7 /* SF-Pro.ttf */; };
		48B24EAB2D4C1B2F00B7C313 /* OAuth2Service.swift in Sources */ = {isa = PBXBuildFile; fileRef = 48B24EAA2D4C1B2F00B7C313 /* OAuth2Service.swift */; };
		48B24EB02D4D67DB00B7C313 /* OAuthTokenResponseBody.swift in Sources */ = {isa = PBXBuildFile; fileRef = 48B24EAF2D4D67DB00B7C313 /* OAuthTokenResponseBody.swift */; };
		48B24EB22D4D6BD700B7C313 /* OAuth2TokenStorage.swift in Sources */ = {isa = PBXBuildFile; fileRef = 48B24EB12D4D6BD700B7C313 /* OAuth2TokenStorage.swift */; };
		48B24EB42D4EC3E100B7C313 /* SplashViewController.swift in Sources */ = {isa = PBXBuildFile; fileRef = 48B24EB32D4EC3E100B7C313 /* SplashViewController.swift */; };
		48B24EB72D4ED7FA00B7C313 /* AuthViewControllerDelegate.swift in Sources */ = {isa = PBXBuildFile; fileRef = 48B24EB62D4ED7FA00B7C313 /* AuthViewControllerDelegate.swift */; };
		48BF2B662D14B20D00117091 /* AppDelegate.swift in Sources */ = {isa = PBXBuildFile; fileRef = 48BF2B652D14B20D00117091 /* AppDelegate.swift */; };
		48BF2B682D14B20D00117091 /* SceneDelegate.swift in Sources */ = {isa = PBXBuildFile; fileRef = 48BF2B672D14B20D00117091 /* SceneDelegate.swift */; };
		48BF2B6A2D14B20D00117091 /* ImagesListViewController.swift in Sources */ = {isa = PBXBuildFile; fileRef = 48BF2B692D14B20D00117091 /* ImagesListViewController.swift */; };
		48BF2B6D2D14B20D00117091 /* Base in Resources */ = {isa = PBXBuildFile; fileRef = 48BF2B6C2D14B20D00117091 /* Base */; };
		48BF2B6F2D14B21100117091 /* Assets.xcassets in Resources */ = {isa = PBXBuildFile; fileRef = 48BF2B6E2D14B21100117091 /* Assets.xcassets */; };
		48BF2B722D14B21100117091 /* Base in Resources */ = {isa = PBXBuildFile; fileRef = 48BF2B712D14B21100117091 /* Base */; };
		48C04FC02D18A15700C64422 /* Gradient.swift in Sources */ = {isa = PBXBuildFile; fileRef = 48C04FBF2D18A15700C64422 /* Gradient.swift */; };
		48D48EE12D3EE46C00649947 /* AuthConfiguration.swift in Sources */ = {isa = PBXBuildFile; fileRef = 48D48EE02D3EE46C00649947 /* AuthConfiguration.swift */; };
		48D48EE42D404B5E00649947 /* AuthViewController.swift in Sources */ = {isa = PBXBuildFile; fileRef = 48D48EE32D404B5E00649947 /* AuthViewController.swift */; };
		48D48EE62D41805500649947 /* WebViewViewController.swift in Sources */ = {isa = PBXBuildFile; fileRef = 48D48EE52D41805500649947 /* WebViewViewController.swift */; };
		48D48EE82D42D54400649947 /* WebViewViewControllerDelegate.swift in Sources */ = {isa = PBXBuildFile; fileRef = 48D48EE72D42D54400649947 /* WebViewViewControllerDelegate.swift */; };
		48DAEB822D60E83D0054B1EB /* ProfileImageService.swift in Sources */ = {isa = PBXBuildFile; fileRef = 48DAEB812D60E83D0054B1EB /* ProfileImageService.swift */; };
		48DAEB842D61FE400054B1EB /* Extension URLSession.swift in Sources */ = {isa = PBXBuildFile; fileRef = 48DAEB832D61FE400054B1EB /* Extension URLSession.swift */; };
		48DAEB872D62209A0054B1EB /* Kingfisher in Frameworks */ = {isa = PBXBuildFile; productRef = 48DAEB862D62209A0054B1EB /* Kingfisher */; };
		48DAEB8A2D627FF00054B1EB /* SwiftKeychainWrapper in Frameworks */ = {isa = PBXBuildFile; productRef = 48DAEB892D627FF00054B1EB /* SwiftKeychainWrapper */; };
		48EC17492D5DD277005D1FD0 /* UIBlockingProgressHUD.swift in Sources */ = {isa = PBXBuildFile; fileRef = 48EC17482D5DD277005D1FD0 /* UIBlockingProgressHUD.swift */; };
		48EC174B2D5DEA2D005D1FD0 /* ProfileService.swift in Sources */ = {isa = PBXBuildFile; fileRef = 48EC174A2D5DEA2D005D1FD0 /* ProfileService.swift */; };
/* End PBXBuildFile section */

/* Begin PBXContainerItemProxy section */
		481CFBF32D897F6C00933770 /* PBXContainerItemProxy */ = {
			isa = PBXContainerItemProxy;
			containerPortal = 48BF2B5A2D14B20D00117091 /* Project object */;
			proxyType = 1;
			remoteGlobalIDString = 48BF2B612D14B20D00117091;
			remoteInfo = PictureGram;
		};
		48549BF52D8766DD003A23CA /* PBXContainerItemProxy */ = {
			isa = PBXContainerItemProxy;
			containerPortal = 48BF2B5A2D14B20D00117091 /* Project object */;
			proxyType = 1;
			remoteGlobalIDString = 48BF2B612D14B20D00117091;
			remoteInfo = PictureGram;
		};
		489BA93D2D74A5F500D95951 /* PBXContainerItemProxy */ = {
			isa = PBXContainerItemProxy;
			containerPortal = 48BF2B5A2D14B20D00117091 /* Project object */;
			proxyType = 1;
			remoteGlobalIDString = 48BF2B612D14B20D00117091;
			remoteInfo = PictureGram;
		};
/* End PBXContainerItemProxy section */

/* Begin PBXFileReference section */
		4802D52F2D1784D50060ADA0 /* ImagesListCell.swift */ = {isa = PBXFileReference; lastKnownFileType = sourcecode.swift; path = ImagesListCell.swift; sourceTree = "<group>"; };
		4802D55B2D1789FC0060ADA0 /* 0.jpg */ = {isa = PBXFileReference; lastKnownFileType = image.jpeg; path = 0.jpg; sourceTree = "<group>"; };
		4802D55C2D1789FC0060ADA0 /* 1.jpg */ = {isa = PBXFileReference; lastKnownFileType = image.jpeg; path = 1.jpg; sourceTree = "<group>"; };
		4802D55D2D1789FC0060ADA0 /* 2.jpg */ = {isa = PBXFileReference; lastKnownFileType = image.jpeg; path = 2.jpg; sourceTree = "<group>"; };
		4802D55E2D1789FC0060ADA0 /* 3.jpg */ = {isa = PBXFileReference; lastKnownFileType = image.jpeg; path = 3.jpg; sourceTree = "<group>"; };
		4802D55F2D1789FC0060ADA0 /* 4.jpg */ = {isa = PBXFileReference; lastKnownFileType = image.jpeg; path = 4.jpg; sourceTree = "<group>"; };
		4802D5602D1789FC0060ADA0 /* 5.jpg */ = {isa = PBXFileReference; lastKnownFileType = image.jpeg; path = 5.jpg; sourceTree = "<group>"; };
		4802D5612D1789FC0060ADA0 /* 6.jpg */ = {isa = PBXFileReference; lastKnownFileType = image.jpeg; path = 6.jpg; sourceTree = "<group>"; };
		4802D5622D1789FC0060ADA0 /* 7.jpg */ = {isa = PBXFileReference; lastKnownFileType = image.jpeg; path = 7.jpg; sourceTree = "<group>"; };
		4802D5632D1789FC0060ADA0 /* 8.jpg */ = {isa = PBXFileReference; lastKnownFileType = image.jpeg; path = 8.jpg; sourceTree = "<group>"; };
		4802D5642D1789FC0060ADA0 /* 9.jpg */ = {isa = PBXFileReference; lastKnownFileType = image.jpeg; path = 9.jpg; sourceTree = "<group>"; };
		4802D5652D1789FC0060ADA0 /* 10.jpg */ = {isa = PBXFileReference; lastKnownFileType = image.jpeg; path = 10.jpg; sourceTree = "<group>"; };
		4802D5662D1789FC0060ADA0 /* 11.jpg */ = {isa = PBXFileReference; lastKnownFileType = image.jpeg; path = 11.jpg; sourceTree = "<group>"; };
		4802D5672D1789FC0060ADA0 /* 12.jpg */ = {isa = PBXFileReference; lastKnownFileType = image.jpeg; path = 12.jpg; sourceTree = "<group>"; };
		4802D5682D1789FC0060ADA0 /* 13.jpg */ = {isa = PBXFileReference; lastKnownFileType = image.jpeg; path = 13.jpg; sourceTree = "<group>"; };
		4802D5692D1789FC0060ADA0 /* 14.jpg */ = {isa = PBXFileReference; lastKnownFileType = image.jpeg; path = 14.jpg; sourceTree = "<group>"; };
		4802D56A2D1789FC0060ADA0 /* 15.jpg */ = {isa = PBXFileReference; lastKnownFileType = image.jpeg; path = 15.jpg; sourceTree = "<group>"; };
		4802D56B2D1789FC0060ADA0 /* 16.jpg */ = {isa = PBXFileReference; lastKnownFileType = image.jpeg; path = 16.jpg; sourceTree = "<group>"; };
		4802D56C2D1789FC0060ADA0 /* 17.jpg */ = {isa = PBXFileReference; lastKnownFileType = image.jpeg; path = 17.jpg; sourceTree = "<group>"; };
		4802D56D2D1789FC0060ADA0 /* 18.jpg */ = {isa = PBXFileReference; lastKnownFileType = image.jpeg; path = 18.jpg; sourceTree = "<group>"; };
		4802D56E2D1789FC0060ADA0 /* 19.jpg */ = {isa = PBXFileReference; lastKnownFileType = image.jpeg; path = 19.jpg; sourceTree = "<group>"; };
		4802D5882D179C250060ADA0 /* Active.png */ = {isa = PBXFileReference; lastKnownFileType = image.png; path = Active.png; sourceTree = "<group>"; };
		481CFBDD2D88ACE300933770 /* AuthHelper.swift */ = {isa = PBXFileReference; lastKnownFileType = sourcecode.swift; path = AuthHelper.swift; sourceTree = "<group>"; };
		481CFBDF2D88CAAC00933770 /* ProfilePresenter.swift */ = {isa = PBXFileReference; lastKnownFileType = sourcecode.swift; path = ProfilePresenter.swift; sourceTree = "<group>"; };
		481CFBE32D89568000933770 /* ImagesListPresenter.swift */ = {isa = PBXFileReference; lastKnownFileType = sourcecode.swift; path = ImagesListPresenter.swift; sourceTree = "<group>"; };
		481CFBED2D897F6C00933770 /* PictureGramUITests.xctest */ = {isa = PBXFileReference; explicitFileType = wrapper.cfbundle; includeInIndex = 0; path = PictureGramUITests.xctest; sourceTree = BUILT_PRODUCTS_DIR; };
		48549BE72D871F5A003A23CA /* WebViewPresenter.swift */ = {isa = PBXFileReference; lastKnownFileType = sourcecode.swift; path = WebViewPresenter.swift; sourceTree = "<group>"; };
		48549BF12D8766DD003A23CA /* PictureGramTest.xctest */ = {isa = PBXFileReference; explicitFileType = wrapper.cfbundle; includeInIndex = 0; path = PictureGramTest.xctest; sourceTree = BUILT_PRODUCTS_DIR; };
		486514FE2D18120C00BF6118 /* No Active.png */ = {isa = PBXFileReference; lastKnownFileType = image.png; path = "No Active.png"; sourceTree = "<group>"; };
		486515012D181B9700BF6118 /* Date + Extensions.swift */ = {isa = PBXFileReference; lastKnownFileType = sourcecode.swift; path = "Date + Extensions.swift"; sourceTree = "<group>"; };
		486EF9962D7DBE3000089FBC /* ProfileLogoutService.swift */ = {isa = PBXFileReference; lastKnownFileType = sourcecode.swift; path = ProfileLogoutService.swift; sourceTree = "<group>"; };
		487048D92D22BD9200ECA14A /* ProfileViewController.swift */ = {isa = PBXFileReference; lastKnownFileType = sourcecode.swift; path = ProfileViewController.swift; sourceTree = "<group>"; };
		48774B452D26B78C000563CF /* SingleImageViewController.swift */ = {isa = PBXFileReference; lastKnownFileType = sourcecode.swift; path = SingleImageViewController.swift; sourceTree = "<group>"; };
		489BA9312D7357B200D95951 /* TabBarController.swift */ = {isa = PBXFileReference; lastKnownFileType = sourcecode.swift; path = TabBarController.swift; sourceTree = "<group>"; };
		489BA9332D74896D00D95951 /* ImagesListService.swift */ = {isa = PBXFileReference; lastKnownFileType = sourcecode.swift; path = ImagesListService.swift; sourceTree = "<group>"; };
		489BA9392D74A5F500D95951 /* PictureGramTests.xctest */ = {isa = PBXFileReference; explicitFileType = wrapper.cfbundle; includeInIndex = 0; path = PictureGramTests.xctest; sourceTree = BUILT_PRODUCTS_DIR; };
		48B165212D2C732B00ECBCB7 /* SF-Pro-Italic.ttf */ = {isa = PBXFileReference; lastKnownFileType = file; path = "SF-Pro-Italic.ttf"; sourceTree = "<group>"; };
		48B165242D2C78F400ECBCB7 /* SF-Pro.ttf */ = {isa = PBXFileReference; lastKnownFileType = file; path = "SF-Pro.ttf"; sourceTree = "<group>"; };
		48B24EAA2D4C1B2F00B7C313 /* OAuth2Service.swift */ = {isa = PBXFileReference; lastKnownFileType = sourcecode.swift; path = OAuth2Service.swift; sourceTree = "<group>"; };
		48B24EAF2D4D67DB00B7C313 /* OAuthTokenResponseBody.swift */ = {isa = PBXFileReference; lastKnownFileType = sourcecode.swift; path = OAuthTokenResponseBody.swift; sourceTree = "<group>"; };
		48B24EB12D4D6BD700B7C313 /* OAuth2TokenStorage.swift */ = {isa = PBXFileReference; lastKnownFileType = sourcecode.swift; path = OAuth2TokenStorage.swift; sourceTree = "<group>"; };
		48B24EB32D4EC3E100B7C313 /* SplashViewController.swift */ = {isa = PBXFileReference; lastKnownFileType = sourcecode.swift; path = SplashViewController.swift; sourceTree = "<group>"; };
		48B24EB62D4ED7FA00B7C313 /* AuthViewControllerDelegate.swift */ = {isa = PBXFileReference; lastKnownFileType = sourcecode.swift; path = AuthViewControllerDelegate.swift; sourceTree = "<group>"; };
		48BF2B622D14B20D00117091 /* PictureGram.app */ = {isa = PBXFileReference; explicitFileType = wrapper.application; includeInIndex = 0; path = PictureGram.app; sourceTree = BUILT_PRODUCTS_DIR; };
		48BF2B652D14B20D00117091 /* AppDelegate.swift */ = {isa = PBXFileReference; lastKnownFileType = sourcecode.swift; path = AppDelegate.swift; sourceTree = "<group>"; };
		48BF2B672D14B20D00117091 /* SceneDelegate.swift */ = {isa = PBXFileReference; lastKnownFileType = sourcecode.swift; path = SceneDelegate.swift; sourceTree = "<group>"; };
		48BF2B692D14B20D00117091 /* ImagesListViewController.swift */ = {isa = PBXFileReference; lastKnownFileType = sourcecode.swift; path = ImagesListViewController.swift; sourceTree = "<group>"; };
		48BF2B6C2D14B20D00117091 /* Base */ = {isa = PBXFileReference; lastKnownFileType = file.storyboard; name = Base; path = Base.lproj/Main.storyboard; sourceTree = "<group>"; };
		48BF2B6E2D14B21100117091 /* Assets.xcassets */ = {isa = PBXFileReference; lastKnownFileType = folder.assetcatalog; path = Assets.xcassets; sourceTree = "<group>"; };
		48BF2B712D14B21100117091 /* Base */ = {isa = PBXFileReference; lastKnownFileType = file.storyboard; name = Base; path = Base.lproj/LaunchScreen.storyboard; sourceTree = "<group>"; };
		48BF2B732D14B21100117091 /* Info.plist */ = {isa = PBXFileReference; lastKnownFileType = text.plist.xml; path = Info.plist; sourceTree = "<group>"; };
		48C04FBF2D18A15700C64422 /* Gradient.swift */ = {isa = PBXFileReference; lastKnownFileType = sourcecode.swift; path = Gradient.swift; sourceTree = "<group>"; };
		48D48EE02D3EE46C00649947 /* AuthConfiguration.swift */ = {isa = PBXFileReference; lastKnownFileType = sourcecode.swift; path = AuthConfiguration.swift; sourceTree = "<group>"; };
		48D48EE32D404B5E00649947 /* AuthViewController.swift */ = {isa = PBXFileReference; lastKnownFileType = sourcecode.swift; path = AuthViewController.swift; sourceTree = "<group>"; };
		48D48EE52D41805500649947 /* WebViewViewController.swift */ = {isa = PBXFileReference; lastKnownFileType = sourcecode.swift; path = WebViewViewController.swift; sourceTree = "<group>"; };
		48D48EE72D42D54400649947 /* WebViewViewControllerDelegate.swift */ = {isa = PBXFileReference; lastKnownFileType = sourcecode.swift; path = WebViewViewControllerDelegate.swift; sourceTree = "<group>"; };
		48DAEB812D60E83D0054B1EB /* ProfileImageService.swift */ = {isa = PBXFileReference; lastKnownFileType = sourcecode.swift; path = ProfileImageService.swift; sourceTree = "<group>"; };
		48DAEB832D61FE400054B1EB /* Extension URLSession.swift */ = {isa = PBXFileReference; lastKnownFileType = sourcecode.swift; path = "Extension URLSession.swift"; sourceTree = "<group>"; };
		48EC17482D5DD277005D1FD0 /* UIBlockingProgressHUD.swift */ = {isa = PBXFileReference; lastKnownFileType = sourcecode.swift; path = UIBlockingProgressHUD.swift; sourceTree = "<group>"; };
		48EC174A2D5DEA2D005D1FD0 /* ProfileService.swift */ = {isa = PBXFileReference; lastKnownFileType = sourcecode.swift; path = ProfileService.swift; sourceTree = "<group>"; };
/* End PBXFileReference section */

/* Begin PBXFileSystemSynchronizedRootGroup section */
		481CFBEE2D897F6C00933770 /* PictureGramUITests */ = {isa = PBXFileSystemSynchronizedRootGroup; explicitFileTypes = {}; explicitFolders = (); path = PictureGramUITests; sourceTree = "<group>"; };
		48549BF22D8766DD003A23CA /* PictureGramTest */ = {isa = PBXFileSystemSynchronizedRootGroup; explicitFileTypes = {}; explicitFolders = (); path = PictureGramTest; sourceTree = "<group>"; };
/* End PBXFileSystemSynchronizedRootGroup section */

/* Begin PBXFrameworksBuildPhase section */
		481CFBEA2D897F6C00933770 /* Frameworks */ = {
			isa = PBXFrameworksBuildPhase;
			buildActionMask = 2147483647;
			files = (
			);
			runOnlyForDeploymentPostprocessing = 0;
		};
		48549BEE2D8766DD003A23CA /* Frameworks */ = {
			isa = PBXFrameworksBuildPhase;
			buildActionMask = 2147483647;
			files = (
			);
			runOnlyForDeploymentPostprocessing = 0;
		};
		489BA9362D74A5F500D95951 /* Frameworks */ = {
			isa = PBXFrameworksBuildPhase;
			buildActionMask = 2147483647;
			files = (
			);
			runOnlyForDeploymentPostprocessing = 0;
		};
		48BF2B5F2D14B20D00117091 /* Frameworks */ = {
			isa = PBXFrameworksBuildPhase;
			buildActionMask = 2147483647;
			files = (
				48DAEB872D62209A0054B1EB /* Kingfisher in Frameworks */,
				4857E5DE2D5BD1DC00D1F94E /* ProgressHUD in Frameworks */,
				48DAEB8A2D627FF00054B1EB /* SwiftKeychainWrapper in Frameworks */,
			);
			runOnlyForDeploymentPostprocessing = 0;
		};
/* End PBXFrameworksBuildPhase section */

/* Begin PBXGroup section */
		4802D52E2D177DE10060ADA0 /* Resources */ = {
			isa = PBXGroup;
			children = (
				48B1651F2D2C730500ECBCB7 /* Fonts */,
				4802D56F2D1789FC0060ADA0 /* mockImages */,
			);
			path = Resources;
			sourceTree = "<group>";
		};
		4802D5312D17850B0060ADA0 /* ImagesListController */ = {
			isa = PBXGroup;
			children = (
				481CFBE32D89568000933770 /* ImagesListPresenter.swift */,
				48BF2B692D14B20D00117091 /* ImagesListViewController.swift */,
				4802D52F2D1784D50060ADA0 /* ImagesListCell.swift */,
			);
			path = ImagesListController;
			sourceTree = "<group>";
		};
		4802D56F2D1789FC0060ADA0 /* mockImages */ = {
			isa = PBXGroup;
			children = (
				4802D5882D179C250060ADA0 /* Active.png */,
				486514FE2D18120C00BF6118 /* No Active.png */,
				4802D55B2D1789FC0060ADA0 /* 0.jpg */,
				4802D55C2D1789FC0060ADA0 /* 1.jpg */,
				4802D55D2D1789FC0060ADA0 /* 2.jpg */,
				4802D55E2D1789FC0060ADA0 /* 3.jpg */,
				4802D55F2D1789FC0060ADA0 /* 4.jpg */,
				4802D5602D1789FC0060ADA0 /* 5.jpg */,
				4802D5612D1789FC0060ADA0 /* 6.jpg */,
				4802D5622D1789FC0060ADA0 /* 7.jpg */,
				4802D5632D1789FC0060ADA0 /* 8.jpg */,
				4802D5642D1789FC0060ADA0 /* 9.jpg */,
				4802D5652D1789FC0060ADA0 /* 10.jpg */,
				4802D5662D1789FC0060ADA0 /* 11.jpg */,
				4802D5672D1789FC0060ADA0 /* 12.jpg */,
				4802D5682D1789FC0060ADA0 /* 13.jpg */,
				4802D5692D1789FC0060ADA0 /* 14.jpg */,
				4802D56A2D1789FC0060ADA0 /* 15.jpg */,
				4802D56B2D1789FC0060ADA0 /* 16.jpg */,
				4802D56C2D1789FC0060ADA0 /* 17.jpg */,
				4802D56D2D1789FC0060ADA0 /* 18.jpg */,
				4802D56E2D1789FC0060ADA0 /* 19.jpg */,
			);
			path = mockImages;
			sourceTree = "<group>";
		};
		486515002D181B7B00BF6118 /* Helpers */ = {
			isa = PBXGroup;
			children = (
				481CFBDD2D88ACE300933770 /* AuthHelper.swift */,
				486515012D181B9700BF6118 /* Date + Extensions.swift */,
				48C04FBF2D18A15700C64422 /* Gradient.swift */,
				48D48EE02D3EE46C00649947 /* AuthConfiguration.swift */,
				48EC17482D5DD277005D1FD0 /* UIBlockingProgressHUD.swift */,
				48DAEB832D61FE400054B1EB /* Extension URLSession.swift */,
			);
			path = Helpers;
			sourceTree = "<group>";
		};
		486515032D181BC700BF6118 /* Presentation */ = {
			isa = PBXGroup;
			children = (
				48BF2B6B2D14B20D00117091 /* Main.storyboard */,
				48BF2B702D14B21100117091 /* LaunchScreen.storyboard */,
			);
			path = Presentation;
			sourceTree = "<group>";
		};
		48774B472D2720C9000563CF /* SingleImageViewController */ = {
			isa = PBXGroup;
			children = (
				48774B452D26B78C000563CF /* SingleImageViewController.swift */,
			);
			path = SingleImageViewController;
			sourceTree = "<group>";
		};
		48774B482D27211B000563CF /* ProfileViewController */ = {
			isa = PBXGroup;
			children = (
				481CFBDF2D88CAAC00933770 /* ProfilePresenter.swift */,
				487048D92D22BD9200ECA14A /* ProfileViewController.swift */,
			);
			path = ProfileViewController;
			sourceTree = "<group>";
		};
		48B1651F2D2C730500ECBCB7 /* Fonts */ = {
			isa = PBXGroup;
			children = (
				48B165242D2C78F400ECBCB7 /* SF-Pro.ttf */,
				48B165212D2C732B00ECBCB7 /* SF-Pro-Italic.ttf */,
			);
			path = Fonts;
			sourceTree = "<group>";
		};
		48B24EA92D4C1B1900B7C313 /* Services */ = {
			isa = PBXGroup;
			children = (
				486EF9962D7DBE3000089FBC /* ProfileLogoutService.swift */,
				489BA9332D74896D00D95951 /* ImagesListService.swift */,
				48B24EAA2D4C1B2F00B7C313 /* OAuth2Service.swift */,
				48B24EB12D4D6BD700B7C313 /* OAuth2TokenStorage.swift */,
				48EC174A2D5DEA2D005D1FD0 /* ProfileService.swift */,
				48DAEB812D60E83D0054B1EB /* ProfileImageService.swift */,
			);
			path = Services;
			sourceTree = "<group>";
		};
		48B24EAC2D4D66ED00B7C313 /* App */ = {
			isa = PBXGroup;
			children = (
				48BF2B652D14B20D00117091 /* AppDelegate.swift */,
				48BF2B672D14B20D00117091 /* SceneDelegate.swift */,
			);
			path = App;
			sourceTree = "<group>";
		};
		48B24EAD2D4D672800B7C313 /* Protocols */ = {
			isa = PBXGroup;
			children = (
				48D48EE72D42D54400649947 /* WebViewViewControllerDelegate.swift */,
				48B24EB62D4ED7FA00B7C313 /* AuthViewControllerDelegate.swift */,
			);
			path = Protocols;
			sourceTree = "<group>";
		};
		48B24EAE2D4D67C000B7C313 /* Models */ = {
			isa = PBXGroup;
			children = (
				48B24EAF2D4D67DB00B7C313 /* OAuthTokenResponseBody.swift */,
			);
			path = Models;
			sourceTree = "<group>";
		};
		48B24EB52D4ED3A400B7C313 /* SplashViewController */ = {
			isa = PBXGroup;
			children = (
				48B24EB32D4EC3E100B7C313 /* SplashViewController.swift */,
			);
			path = SplashViewController;
			sourceTree = "<group>";
		};
		48BF2B592D14B20D00117091 = {
			isa = PBXGroup;
			children = (
				48BF2B642D14B20D00117091 /* PictureGram */,
				48549BF22D8766DD003A23CA /* PictureGramTest */,
				481CFBEE2D897F6C00933770 /* PictureGramUITests */,
				48BF2B632D14B20D00117091 /* Products */,
			);
			sourceTree = "<group>";
		};
		48BF2B632D14B20D00117091 /* Products */ = {
			isa = PBXGroup;
			children = (
				48BF2B622D14B20D00117091 /* PictureGram.app */,
				489BA9392D74A5F500D95951 /* PictureGramTests.xctest */,
				48549BF12D8766DD003A23CA /* PictureGramTest.xctest */,
				481CFBED2D897F6C00933770 /* PictureGramUITests.xctest */,
			);
			name = Products;
			sourceTree = "<group>";
		};
		48BF2B642D14B20D00117091 /* PictureGram */ = {
			isa = PBXGroup;
			children = (
				489BA9312D7357B200D95951 /* TabBarController.swift */,
				48B24EB52D4ED3A400B7C313 /* SplashViewController */,
				48B24EAE2D4D67C000B7C313 /* Models */,
				48B24EAC2D4D66ED00B7C313 /* App */,
				48B24EAD2D4D672800B7C313 /* Protocols */,
				48B24EA92D4C1B1900B7C313 /* Services */,
				48D48EE22D404B3F00649947 /* Autorization */,
				486515002D181B7B00BF6118 /* Helpers */,
				4802D5312D17850B0060ADA0 /* ImagesListController */,
				48774B472D2720C9000563CF /* SingleImageViewController */,
				48774B482D27211B000563CF /* ProfileViewController */,
				4802D52E2D177DE10060ADA0 /* Resources */,
				486515032D181BC700BF6118 /* Presentation */,
				48BF2B6E2D14B21100117091 /* Assets.xcassets */,
				48BF2B732D14B21100117091 /* Info.plist */,
			);
			path = PictureGram;
			sourceTree = "<group>";
		};
		48D48EE22D404B3F00649947 /* Autorization */ = {
			isa = PBXGroup;
			children = (
				48549BE72D871F5A003A23CA /* WebViewPresenter.swift */,
				48D48EE32D404B5E00649947 /* AuthViewController.swift */,
				48D48EE52D41805500649947 /* WebViewViewController.swift */,
			);
			path = Autorization;
			sourceTree = "<group>";
		};
/* End PBXGroup section */

/* Begin PBXNativeTarget section */
		481CFBEC2D897F6C00933770 /* PictureGramUITests */ = {
			isa = PBXNativeTarget;
			buildConfigurationList = 481CFBF52D897F6C00933770 /* Build configuration list for PBXNativeTarget "PictureGramUITests" */;
			buildPhases = (
				481CFBE92D897F6C00933770 /* Sources */,
				481CFBEA2D897F6C00933770 /* Frameworks */,
				481CFBEB2D897F6C00933770 /* Resources */,
			);
			buildRules = (
			);
			dependencies = (
				481CFBF42D897F6C00933770 /* PBXTargetDependency */,
			);
			fileSystemSynchronizedGroups = (
				481CFBEE2D897F6C00933770 /* PictureGramUITests */,
			);
			name = PictureGramUITests;
			packageProductDependencies = (
			);
			productName = PictureGramUITests;
			productReference = 481CFBED2D897F6C00933770 /* PictureGramUITests.xctest */;
			productType = "com.apple.product-type.bundle.ui-testing";
		};
		48549BF02D8766DD003A23CA /* PictureGramTest */ = {
			isa = PBXNativeTarget;
			buildConfigurationList = 48549BF72D8766DD003A23CA /* Build configuration list for PBXNativeTarget "PictureGramTest" */;
			buildPhases = (
				48549BED2D8766DD003A23CA /* Sources */,
				48549BEE2D8766DD003A23CA /* Frameworks */,
				48549BEF2D8766DD003A23CA /* Resources */,
			);
			buildRules = (
			);
			dependencies = (
				48549BF62D8766DD003A23CA /* PBXTargetDependency */,
			);
			fileSystemSynchronizedGroups = (
				48549BF22D8766DD003A23CA /* PictureGramTest */,
			);
			name = PictureGramTest;
			packageProductDependencies = (
			);
			productName = PictureGramTest;
			productReference = 48549BF12D8766DD003A23CA /* PictureGramTest.xctest */;
			productType = "com.apple.product-type.bundle.unit-test";
		};
		489BA9382D74A5F500D95951 /* PictureGramTests */ = {
			isa = PBXNativeTarget;
			buildConfigurationList = 489BA93F2D74A5F600D95951 /* Build configuration list for PBXNativeTarget "PictureGramTests" */;
			buildPhases = (
				489BA9352D74A5F500D95951 /* Sources */,
				489BA9362D74A5F500D95951 /* Frameworks */,
				489BA9372D74A5F500D95951 /* Resources */,
			);
			buildRules = (
			);
			dependencies = (
				489BA93E2D74A5F500D95951 /* PBXTargetDependency */,
			);
			name = PictureGramTests;
			packageProductDependencies = (
			);
			productName = PictureGramTests;
			productReference = 489BA9392D74A5F500D95951 /* PictureGramTests.xctest */;
			productType = "com.apple.product-type.bundle.unit-test";
		};
		48BF2B612D14B20D00117091 /* PictureGram */ = {
			isa = PBXNativeTarget;
			buildConfigurationList = 48BF2B762D14B21100117091 /* Build configuration list for PBXNativeTarget "PictureGram" */;
			buildPhases = (
				48BF2B5E2D14B20D00117091 /* Sources */,
				48BF2B5F2D14B20D00117091 /* Frameworks */,
				48BF2B602D14B20D00117091 /* Resources */,
			);
			buildRules = (
			);
			dependencies = (
			);
			name = PictureGram;
			packageProductDependencies = (
				4857E5DD2D5BD1DC00D1F94E /* ProgressHUD */,
				48DAEB862D62209A0054B1EB /* Kingfisher */,
				48DAEB892D627FF00054B1EB /* SwiftKeychainWrapper */,
			);
			productName = PictureGram;
			productReference = 48BF2B622D14B20D00117091 /* PictureGram.app */;
			productType = "com.apple.product-type.application";
		};
/* End PBXNativeTarget section */

/* Begin PBXProject section */
		48BF2B5A2D14B20D00117091 /* Project object */ = {
			isa = PBXProject;
			attributes = {
				BuildIndependentTargetsInParallel = 1;
				LastSwiftUpdateCheck = 1620;
				LastUpgradeCheck = 1540;
				TargetAttributes = {
					481CFBEC2D897F6C00933770 = {
						CreatedOnToolsVersion = 16.2;
						TestTargetID = 48BF2B612D14B20D00117091;
					};
					48549BF02D8766DD003A23CA = {
						CreatedOnToolsVersion = 16.2;
						TestTargetID = 48BF2B612D14B20D00117091;
					};
					489BA9382D74A5F500D95951 = {
						CreatedOnToolsVersion = 16.2;
						TestTargetID = 48BF2B612D14B20D00117091;
					};
					48BF2B612D14B20D00117091 = {
						CreatedOnToolsVersion = 15.4;
					};
				};
			};
			buildConfigurationList = 48BF2B5D2D14B20D00117091 /* Build configuration list for PBXProject "PictureGram" */;
			compatibilityVersion = "Xcode 15.3";
			developmentRegion = en;
			hasScannedForEncodings = 0;
			knownRegions = (
				en,
				Base,
			);
			mainGroup = 48BF2B592D14B20D00117091;
			packageReferences = (
				4857E5DC2D5BD1DC00D1F94E /* XCRemoteSwiftPackageReference "ProgressHUD" */,
				48DAEB852D62209A0054B1EB /* XCRemoteSwiftPackageReference "Kingfisher" */,
				48DAEB882D627FF00054B1EB /* XCRemoteSwiftPackageReference "SwiftKeychainWrapper" */,
			);
			productRefGroup = 48BF2B632D14B20D00117091 /* Products */;
			projectDirPath = "";
			projectRoot = "";
			targets = (
				48BF2B612D14B20D00117091 /* PictureGram */,
				489BA9382D74A5F500D95951 /* PictureGramTests */,
				48549BF02D8766DD003A23CA /* PictureGramTest */,
				481CFBEC2D897F6C00933770 /* PictureGramUITests */,
			);
		};
/* End PBXProject section */

/* Begin PBXResourcesBuildPhase section */
		481CFBEB2D897F6C00933770 /* Resources */ = {
			isa = PBXResourcesBuildPhase;
			buildActionMask = 2147483647;
			files = (
			);
			runOnlyForDeploymentPostprocessing = 0;
		};
		48549BEF2D8766DD003A23CA /* Resources */ = {
			isa = PBXResourcesBuildPhase;
			buildActionMask = 2147483647;
			files = (
			);
			runOnlyForDeploymentPostprocessing = 0;
		};
		489BA9372D74A5F500D95951 /* Resources */ = {
			isa = PBXResourcesBuildPhase;
			buildActionMask = 2147483647;
			files = (
			);
			runOnlyForDeploymentPostprocessing = 0;
		};
		48BF2B602D14B20D00117091 /* Resources */ = {
			isa = PBXResourcesBuildPhase;
			buildActionMask = 2147483647;
			files = (
				4802D5802D1789FC0060ADA0 /* 16.jpg in Resources */,
				4802D57E2D1789FC0060ADA0 /* 14.jpg in Resources */,
				4802D57B2D1789FC0060ADA0 /* 11.jpg in Resources */,
				4802D5792D1789FC0060ADA0 /* 9.jpg in Resources */,
				48B165232D2C732B00ECBCB7 /* SF-Pro-Italic.ttf in Resources */,
				4802D5782D1789FC0060ADA0 /* 8.jpg in Resources */,
				4802D5772D1789FC0060ADA0 /* 7.jpg in Resources */,
				4802D5742D1789FC0060ADA0 /* 4.jpg in Resources */,
				4802D57F2D1789FC0060ADA0 /* 15.jpg in Resources */,
				4802D57D2D1789FC0060ADA0 /* 13.jpg in Resources */,
				4802D5722D1789FC0060ADA0 /* 2.jpg in Resources */,
				486514FF2D18120C00BF6118 /* No Active.png in Resources */,
				4802D5702D1789FC0060ADA0 /* 0.jpg in Resources */,
				4802D5832D1789FC0060ADA0 /* 19.jpg in Resources */,
				4802D5752D1789FC0060ADA0 /* 5.jpg in Resources */,
				4802D5822D1789FC0060ADA0 /* 18.jpg in Resources */,
				48B165252D2C78F400ECBCB7 /* SF-Pro.ttf in Resources */,
				4802D57C2D1789FC0060ADA0 /* 12.jpg in Resources */,
				4802D5762D1789FC0060ADA0 /* 6.jpg in Resources */,
				4802D57A2D1789FC0060ADA0 /* 10.jpg in Resources */,
				4802D5892D179C250060ADA0 /* Active.png in Resources */,
				4802D5812D1789FC0060ADA0 /* 17.jpg in Resources */,
				48BF2B6F2D14B21100117091 /* Assets.xcassets in Resources */,
				48BF2B722D14B21100117091 /* Base in Resources */,
				48BF2B6D2D14B20D00117091 /* Base in Resources */,
				4802D5732D1789FC0060ADA0 /* 3.jpg in Resources */,
				4802D5712D1789FC0060ADA0 /* 1.jpg in Resources */,
			);
			runOnlyForDeploymentPostprocessing = 0;
		};
/* End PBXResourcesBuildPhase section */

/* Begin PBXSourcesBuildPhase section */
		481CFBE92D897F6C00933770 /* Sources */ = {
			isa = PBXSourcesBuildPhase;
			buildActionMask = 2147483647;
			files = (
			);
			runOnlyForDeploymentPostprocessing = 0;
		};
		48549BED2D8766DD003A23CA /* Sources */ = {
			isa = PBXSourcesBuildPhase;
			buildActionMask = 2147483647;
			files = (
			);
			runOnlyForDeploymentPostprocessing = 0;
		};
		489BA9352D74A5F500D95951 /* Sources */ = {
			isa = PBXSourcesBuildPhase;
			buildActionMask = 2147483647;
			files = (
			);
			runOnlyForDeploymentPostprocessing = 0;
		};
		48BF2B5E2D14B20D00117091 /* Sources */ = {
			isa = PBXSourcesBuildPhase;
			buildActionMask = 2147483647;
			files = (
				48BF2B6A2D14B20D00117091 /* ImagesListViewController.swift in Sources */,
				489BA9342D74897700D95951 /* ImagesListService.swift in Sources */,
				486515022D181B9700BF6118 /* Date + Extensions.swift in Sources */,
				48B24EAB2D4C1B2F00B7C313 /* OAuth2Service.swift in Sources */,
				48D48EE42D404B5E00649947 /* AuthViewController.swift in Sources */,
				4802D5302D1784D50060ADA0 /* ImagesListCell.swift in Sources */,
				48D48EE62D41805500649947 /* WebViewViewController.swift in Sources */,
				48BF2B662D14B20D00117091 /* AppDelegate.swift in Sources */,
				48B24EB72D4ED7FA00B7C313 /* AuthViewControllerDelegate.swift in Sources */,
				487048DA2D22BD9200ECA14A /* ProfileViewController.swift in Sources */,
				48BF2B682D14B20D00117091 /* SceneDelegate.swift in Sources */,
				481CFBDE2D88ACE400933770 /* AuthHelper.swift in Sources */,
				48774B462D26B78C000563CF /* SingleImageViewController.swift in Sources */,
				48DAEB842D61FE400054B1EB /* Extension URLSession.swift in Sources */,
				48B24EB02D4D67DB00B7C313 /* OAuthTokenResponseBody.swift in Sources */,
				489BA9322D7357B200D95951 /* TabBarController.swift in Sources */,
				48D48EE82D42D54400649947 /* WebViewViewControllerDelegate.swift in Sources */,
				48B24EB22D4D6BD700B7C313 /* OAuth2TokenStorage.swift in Sources */,
				486EF9972D7DBE3000089FBC /* ProfileLogoutService.swift in Sources */,
				48EC174B2D5DEA2D005D1FD0 /* ProfileService.swift in Sources */,
				48C04FC02D18A15700C64422 /* Gradient.swift in Sources */,
				48D48EE12D3EE46C00649947 /* AuthConfiguration.swift in Sources */,
				48549BE82D871F5A003A23CA /* WebViewPresenter.swift in Sources */,
				481CFBE02D88CAAC00933770 /* ProfilePresenter.swift in Sources */,
				48DAEB822D60E83D0054B1EB /* ProfileImageService.swift in Sources */,
				48B24EB42D4EC3E100B7C313 /* SplashViewController.swift in Sources */,
				481CFBE42D89568000933770 /* ImagesListPresenter.swift in Sources */,
				48EC17492D5DD277005D1FD0 /* UIBlockingProgressHUD.swift in Sources */,
			);
			runOnlyForDeploymentPostprocessing = 0;
		};
/* End PBXSourcesBuildPhase section */

/* Begin PBXTargetDependency section */
		481CFBF42D897F6C00933770 /* PBXTargetDependency */ = {
			isa = PBXTargetDependency;
			target = 48BF2B612D14B20D00117091 /* PictureGram */;
			targetProxy = 481CFBF32D897F6C00933770 /* PBXContainerItemProxy */;
		};
		48549BF62D8766DD003A23CA /* PBXTargetDependency */ = {
			isa = PBXTargetDependency;
			target = 48BF2B612D14B20D00117091 /* PictureGram */;
			targetProxy = 48549BF52D8766DD003A23CA /* PBXContainerItemProxy */;
		};
		489BA93E2D74A5F500D95951 /* PBXTargetDependency */ = {
			isa = PBXTargetDependency;
			target = 48BF2B612D14B20D00117091 /* PictureGram */;
			targetProxy = 489BA93D2D74A5F500D95951 /* PBXContainerItemProxy */;
		};
/* End PBXTargetDependency section */

/* Begin PBXVariantGroup section */
		48BF2B6B2D14B20D00117091 /* Main.storyboard */ = {
			isa = PBXVariantGroup;
			children = (
				48BF2B6C2D14B20D00117091 /* Base */,
			);
			name = Main.storyboard;
			sourceTree = "<group>";
		};
		48BF2B702D14B21100117091 /* LaunchScreen.storyboard */ = {
			isa = PBXVariantGroup;
			children = (
				48BF2B712D14B21100117091 /* Base */,
			);
			name = LaunchScreen.storyboard;
			sourceTree = "<group>";
		};
/* End PBXVariantGroup section */

/* Begin XCBuildConfiguration section */
		481CFBF62D897F6C00933770 /* Debug */ = {
			isa = XCBuildConfiguration;
			buildSettings = {
				CODE_SIGN_STYLE = Automatic;
				CURRENT_PROJECT_VERSION = 1;
				DEVELOPMENT_TEAM = Y5WH4AQ9FW;
				GENERATE_INFOPLIST_FILE = YES;
				IPHONEOS_DEPLOYMENT_TARGET = 15.6;
				MARKETING_VERSION = 1.0;
				PRODUCT_BUNDLE_IDENTIFIER = com.vvkhanin.PictureGramUITests;
				PRODUCT_NAME = "$(TARGET_NAME)";
				SWIFT_EMIT_LOC_STRINGS = NO;
				SWIFT_VERSION = 5.0;
				TARGETED_DEVICE_FAMILY = "1,2";
				TEST_TARGET_NAME = PictureGram;
			};
			name = Debug;
		};
		481CFBF72D897F6C00933770 /* Release */ = {
			isa = XCBuildConfiguration;
			buildSettings = {
				CODE_SIGN_STYLE = Automatic;
				CURRENT_PROJECT_VERSION = 1;
				DEVELOPMENT_TEAM = Y5WH4AQ9FW;
				GENERATE_INFOPLIST_FILE = YES;
				IPHONEOS_DEPLOYMENT_TARGET = 15.6;
				MARKETING_VERSION = 1.0;
				PRODUCT_BUNDLE_IDENTIFIER = com.vvkhanin.PictureGramUITests;
				PRODUCT_NAME = "$(TARGET_NAME)";
				SWIFT_EMIT_LOC_STRINGS = NO;
				SWIFT_VERSION = 5.0;
				TARGETED_DEVICE_FAMILY = "1,2";
				TEST_TARGET_NAME = PictureGram;
			};
			name = Release;
		};
		48549BF82D8766DD003A23CA /* Debug */ = {
			isa = XCBuildConfiguration;
			buildSettings = {
				BUNDLE_LOADER = "$(TEST_HOST)";
				CODE_SIGN_STYLE = Automatic;
				CURRENT_PROJECT_VERSION = 1;
				DEVELOPMENT_TEAM = Y5WH4AQ9FW;
				GENERATE_INFOPLIST_FILE = YES;
				IPHONEOS_DEPLOYMENT_TARGET = 15.6;
				MARKETING_VERSION = 1.0;
				PRODUCT_BUNDLE_IDENTIFIER = com.vvkhanin.PictureGramTest;
				PRODUCT_NAME = "$(TARGET_NAME)";
				SWIFT_EMIT_LOC_STRINGS = NO;
				SWIFT_VERSION = 5.0;
				TARGETED_DEVICE_FAMILY = "1,2";
				TEST_HOST = "$(BUILT_PRODUCTS_DIR)/PictureGram.app/$(BUNDLE_EXECUTABLE_FOLDER_PATH)/PictureGram";
			};
			name = Debug;
		};
		48549BF92D8766DD003A23CA /* Release */ = {
			isa = XCBuildConfiguration;
			buildSettings = {
				BUNDLE_LOADER = "$(TEST_HOST)";
				CODE_SIGN_STYLE = Automatic;
				CURRENT_PROJECT_VERSION = 1;
				DEVELOPMENT_TEAM = Y5WH4AQ9FW;
				GENERATE_INFOPLIST_FILE = YES;
				IPHONEOS_DEPLOYMENT_TARGET = 15.6;
				MARKETING_VERSION = 1.0;
				PRODUCT_BUNDLE_IDENTIFIER = com.vvkhanin.PictureGramTest;
				PRODUCT_NAME = "$(TARGET_NAME)";
				SWIFT_EMIT_LOC_STRINGS = NO;
				SWIFT_VERSION = 5.0;
				TARGETED_DEVICE_FAMILY = "1,2";
				TEST_HOST = "$(BUILT_PRODUCTS_DIR)/PictureGram.app/$(BUNDLE_EXECUTABLE_FOLDER_PATH)/PictureGram";
			};
			name = Release;
		};
		489BA9402D74A5F600D95951 /* Debug */ = {
			isa = XCBuildConfiguration;
			buildSettings = {
				BUNDLE_LOADER = "$(TEST_HOST)";
				CODE_SIGN_STYLE = Automatic;
				CURRENT_PROJECT_VERSION = 1;
				DEVELOPMENT_TEAM = Y5WH4AQ9FW;
				GENERATE_INFOPLIST_FILE = YES;
				IPHONEOS_DEPLOYMENT_TARGET = 15.6;
				MARKETING_VERSION = 1.0;
				PRODUCT_BUNDLE_IDENTIFIER = com.vvkhanin.PictureGramTests;
				PRODUCT_NAME = "$(TARGET_NAME)";
				SWIFT_EMIT_LOC_STRINGS = NO;
				SWIFT_VERSION = 5.0;
				TARGETED_DEVICE_FAMILY = "1,2";
				TEST_HOST = "$(BUILT_PRODUCTS_DIR)/PictureGram.app/$(BUNDLE_EXECUTABLE_FOLDER_PATH)/PictureGram";
			};
			name = Debug;
		};
		489BA9412D74A5F600D95951 /* Release */ = {
			isa = XCBuildConfiguration;
			buildSettings = {
				BUNDLE_LOADER = "$(TEST_HOST)";
				CODE_SIGN_STYLE = Automatic;
				CURRENT_PROJECT_VERSION = 1;
				DEVELOPMENT_TEAM = Y5WH4AQ9FW;
				GENERATE_INFOPLIST_FILE = YES;
				IPHONEOS_DEPLOYMENT_TARGET = 15.6;
				MARKETING_VERSION = 1.0;
				PRODUCT_BUNDLE_IDENTIFIER = com.vvkhanin.PictureGramTests;
				PRODUCT_NAME = "$(TARGET_NAME)";
				SWIFT_EMIT_LOC_STRINGS = NO;
				SWIFT_VERSION = 5.0;
				TARGETED_DEVICE_FAMILY = "1,2";
				TEST_HOST = "$(BUILT_PRODUCTS_DIR)/PictureGram.app/$(BUNDLE_EXECUTABLE_FOLDER_PATH)/PictureGram";
			};
			name = Release;
		};
		48BF2B742D14B21100117091 /* Debug */ = {
			isa = XCBuildConfiguration;
			buildSettings = {
				ALWAYS_SEARCH_USER_PATHS = NO;
				ASSETCATALOG_COMPILER_GENERATE_SWIFT_ASSET_SYMBOL_EXTENSIONS = YES;
				CLANG_ANALYZER_NONNULL = YES;
				CLANG_ANALYZER_NUMBER_OBJECT_CONVERSION = YES_AGGRESSIVE;
				CLANG_CXX_LANGUAGE_STANDARD = "gnu++20";
				CLANG_ENABLE_MODULES = YES;
				CLANG_ENABLE_OBJC_ARC = YES;
				CLANG_ENABLE_OBJC_WEAK = YES;
				CLANG_WARN_BLOCK_CAPTURE_AUTORELEASING = YES;
				CLANG_WARN_BOOL_CONVERSION = YES;
				CLANG_WARN_COMMA = YES;
				CLANG_WARN_CONSTANT_CONVERSION = YES;
				CLANG_WARN_DEPRECATED_OBJC_IMPLEMENTATIONS = YES;
				CLANG_WARN_DIRECT_OBJC_ISA_USAGE = YES_ERROR;
				CLANG_WARN_DOCUMENTATION_COMMENTS = YES;
				CLANG_WARN_EMPTY_BODY = YES;
				CLANG_WARN_ENUM_CONVERSION = YES;
				CLANG_WARN_INFINITE_RECURSION = YES;
				CLANG_WARN_INT_CONVERSION = YES;
				CLANG_WARN_NON_LITERAL_NULL_CONVERSION = YES;
				CLANG_WARN_OBJC_IMPLICIT_RETAIN_SELF = YES;
				CLANG_WARN_OBJC_LITERAL_CONVERSION = YES;
				CLANG_WARN_OBJC_ROOT_CLASS = YES_ERROR;
				CLANG_WARN_QUOTED_INCLUDE_IN_FRAMEWORK_HEADER = YES;
				CLANG_WARN_RANGE_LOOP_ANALYSIS = YES;
				CLANG_WARN_STRICT_PROTOTYPES = YES;
				CLANG_WARN_SUSPICIOUS_MOVE = YES;
				CLANG_WARN_UNGUARDED_AVAILABILITY = YES_AGGRESSIVE;
				CLANG_WARN_UNREACHABLE_CODE = YES;
				CLANG_WARN__DUPLICATE_METHOD_MATCH = YES;
				COPY_PHASE_STRIP = NO;
				DEBUG_INFORMATION_FORMAT = dwarf;
				ENABLE_STRICT_OBJC_MSGSEND = YES;
				ENABLE_TESTABILITY = YES;
				ENABLE_USER_SCRIPT_SANDBOXING = YES;
				GCC_C_LANGUAGE_STANDARD = gnu17;
				GCC_DYNAMIC_NO_PIC = NO;
				GCC_NO_COMMON_BLOCKS = YES;
				GCC_OPTIMIZATION_LEVEL = 0;
				GCC_PREPROCESSOR_DEFINITIONS = (
					"DEBUG=1",
					"$(inherited)",
				);
				GCC_WARN_64_TO_32_BIT_CONVERSION = YES;
				GCC_WARN_ABOUT_RETURN_TYPE = YES_ERROR;
				GCC_WARN_UNDECLARED_SELECTOR = YES;
				GCC_WARN_UNINITIALIZED_AUTOS = YES_AGGRESSIVE;
				GCC_WARN_UNUSED_FUNCTION = YES;
				GCC_WARN_UNUSED_VARIABLE = YES;
				IPHONEOS_DEPLOYMENT_TARGET = 14;
				LOCALIZATION_PREFERS_STRING_CATALOGS = YES;
				MTL_ENABLE_DEBUG_INFO = INCLUDE_SOURCE;
				MTL_FAST_MATH = YES;
				ONLY_ACTIVE_ARCH = YES;
				SDKROOT = iphoneos;
				SWIFT_ACTIVE_COMPILATION_CONDITIONS = "DEBUG $(inherited)";
				SWIFT_OPTIMIZATION_LEVEL = "-Onone";
			};
			name = Debug;
		};
		48BF2B752D14B21100117091 /* Release */ = {
			isa = XCBuildConfiguration;
			buildSettings = {
				ALWAYS_SEARCH_USER_PATHS = NO;
				ASSETCATALOG_COMPILER_GENERATE_SWIFT_ASSET_SYMBOL_EXTENSIONS = YES;
				CLANG_ANALYZER_NONNULL = YES;
				CLANG_ANALYZER_NUMBER_OBJECT_CONVERSION = YES_AGGRESSIVE;
				CLANG_CXX_LANGUAGE_STANDARD = "gnu++20";
				CLANG_ENABLE_MODULES = YES;
				CLANG_ENABLE_OBJC_ARC = YES;
				CLANG_ENABLE_OBJC_WEAK = YES;
				CLANG_WARN_BLOCK_CAPTURE_AUTORELEASING = YES;
				CLANG_WARN_BOOL_CONVERSION = YES;
				CLANG_WARN_COMMA = YES;
				CLANG_WARN_CONSTANT_CONVERSION = YES;
				CLANG_WARN_DEPRECATED_OBJC_IMPLEMENTATIONS = YES;
				CLANG_WARN_DIRECT_OBJC_ISA_USAGE = YES_ERROR;
				CLANG_WARN_DOCUMENTATION_COMMENTS = YES;
				CLANG_WARN_EMPTY_BODY = YES;
				CLANG_WARN_ENUM_CONVERSION = YES;
				CLANG_WARN_INFINITE_RECURSION = YES;
				CLANG_WARN_INT_CONVERSION = YES;
				CLANG_WARN_NON_LITERAL_NULL_CONVERSION = YES;
				CLANG_WARN_OBJC_IMPLICIT_RETAIN_SELF = YES;
				CLANG_WARN_OBJC_LITERAL_CONVERSION = YES;
				CLANG_WARN_OBJC_ROOT_CLASS = YES_ERROR;
				CLANG_WARN_QUOTED_INCLUDE_IN_FRAMEWORK_HEADER = YES;
				CLANG_WARN_RANGE_LOOP_ANALYSIS = YES;
				CLANG_WARN_STRICT_PROTOTYPES = YES;
				CLANG_WARN_SUSPICIOUS_MOVE = YES;
				CLANG_WARN_UNGUARDED_AVAILABILITY = YES_AGGRESSIVE;
				CLANG_WARN_UNREACHABLE_CODE = YES;
				CLANG_WARN__DUPLICATE_METHOD_MATCH = YES;
				COPY_PHASE_STRIP = NO;
				DEBUG_INFORMATION_FORMAT = "dwarf-with-dsym";
				ENABLE_NS_ASSERTIONS = NO;
				ENABLE_STRICT_OBJC_MSGSEND = YES;
				ENABLE_USER_SCRIPT_SANDBOXING = YES;
				GCC_C_LANGUAGE_STANDARD = gnu17;
				GCC_NO_COMMON_BLOCKS = YES;
				GCC_WARN_64_TO_32_BIT_CONVERSION = YES;
				GCC_WARN_ABOUT_RETURN_TYPE = YES_ERROR;
				GCC_WARN_UNDECLARED_SELECTOR = YES;
				GCC_WARN_UNINITIALIZED_AUTOS = YES_AGGRESSIVE;
				GCC_WARN_UNUSED_FUNCTION = YES;
				GCC_WARN_UNUSED_VARIABLE = YES;
				IPHONEOS_DEPLOYMENT_TARGET = 14;
				LOCALIZATION_PREFERS_STRING_CATALOGS = YES;
				MTL_ENABLE_DEBUG_INFO = NO;
				MTL_FAST_MATH = YES;
				SDKROOT = iphoneos;
				SWIFT_COMPILATION_MODE = wholemodule;
				VALIDATE_PRODUCT = YES;
			};
			name = Release;
		};
		48BF2B772D14B21100117091 /* Debug */ = {
			isa = XCBuildConfiguration;
			buildSettings = {
				ASSETCATALOG_COMPILER_APPICON_NAME = AppIcon;
				ASSETCATALOG_COMPILER_GLOBAL_ACCENT_COLOR_NAME = AccentColor;
				CODE_SIGN_STYLE = Automatic;
				CURRENT_PROJECT_VERSION = 1;
				DEVELOPMENT_TEAM = Y5WH4AQ9FW;
				GENERATE_INFOPLIST_FILE = YES;
				INFOPLIST_FILE = PictureGram/Info.plist;
				INFOPLIST_KEY_UIApplicationSupportsIndirectInputEvents = YES;
				INFOPLIST_KEY_UILaunchStoryboardName = LaunchScreen;
				INFOPLIST_KEY_UIMainStoryboardFile = Main;
				INFOPLIST_KEY_UISupportedInterfaceOrientations_iPhone = UIInterfaceOrientationPortrait;
				IPHONEOS_DEPLOYMENT_TARGET = 14;
				LD_RUNPATH_SEARCH_PATHS = (
					"$(inherited)",
					"@executable_path/Frameworks",
				);
				MARKETING_VERSION = 1.0;
				PRODUCT_BUNDLE_IDENTIFIER = com.vvkhanin.PictureGram;
				PRODUCT_NAME = "$(TARGET_NAME)";
				SUPPORTED_PLATFORMS = "iphoneos iphonesimulator";
				SUPPORTS_MACCATALYST = NO;
				SUPPORTS_MAC_DESIGNED_FOR_IPHONE_IPAD = NO;
				SUPPORTS_XR_DESIGNED_FOR_IPHONE_IPAD = NO;
				SWIFT_EMIT_LOC_STRINGS = YES;
				SWIFT_VERSION = 5.0;
				TARGETED_DEVICE_FAMILY = 1;
			};
			name = Debug;
		};
		48BF2B782D14B21100117091 /* Release */ = {
			isa = XCBuildConfiguration;
			buildSettings = {
				ASSETCATALOG_COMPILER_APPICON_NAME = AppIcon;
				ASSETCATALOG_COMPILER_GLOBAL_ACCENT_COLOR_NAME = AccentColor;
				CODE_SIGN_STYLE = Automatic;
				CURRENT_PROJECT_VERSION = 1;
				DEVELOPMENT_TEAM = Y5WH4AQ9FW;
				GENERATE_INFOPLIST_FILE = YES;
				INFOPLIST_FILE = PictureGram/Info.plist;
				INFOPLIST_KEY_UIApplicationSupportsIndirectInputEvents = YES;
				INFOPLIST_KEY_UILaunchStoryboardName = LaunchScreen;
				INFOPLIST_KEY_UIMainStoryboardFile = Main;
				INFOPLIST_KEY_UISupportedInterfaceOrientations_iPhone = UIInterfaceOrientationPortrait;
				IPHONEOS_DEPLOYMENT_TARGET = 14;
				LD_RUNPATH_SEARCH_PATHS = (
					"$(inherited)",
					"@executable_path/Frameworks",
				);
				MARKETING_VERSION = 1.0;
				PRODUCT_BUNDLE_IDENTIFIER = com.vvkhanin.PictureGram;
				PRODUCT_NAME = "$(TARGET_NAME)";
				SUPPORTED_PLATFORMS = "iphoneos iphonesimulator";
				SUPPORTS_MACCATALYST = NO;
				SUPPORTS_MAC_DESIGNED_FOR_IPHONE_IPAD = NO;
				SUPPORTS_XR_DESIGNED_FOR_IPHONE_IPAD = NO;
				SWIFT_EMIT_LOC_STRINGS = YES;
				SWIFT_VERSION = 5.0;
				TARGETED_DEVICE_FAMILY = 1;
			};
			name = Release;
		};
/* End XCBuildConfiguration section */

/* Begin XCConfigurationList section */
		481CFBF52D897F6C00933770 /* Build configuration list for PBXNativeTarget "PictureGramUITests" */ = {
			isa = XCConfigurationList;
			buildConfigurations = (
				481CFBF62D897F6C00933770 /* Debug */,
				481CFBF72D897F6C00933770 /* Release */,
			);
			defaultConfigurationIsVisible = 0;
			defaultConfigurationName = Release;
		};
		48549BF72D8766DD003A23CA /* Build configuration list for PBXNativeTarget "PictureGramTest" */ = {
			isa = XCConfigurationList;
			buildConfigurations = (
				48549BF82D8766DD003A23CA /* Debug */,
				48549BF92D8766DD003A23CA /* Release */,
			);
			defaultConfigurationIsVisible = 0;
			defaultConfigurationName = Release;
		};
		489BA93F2D74A5F600D95951 /* Build configuration list for PBXNativeTarget "PictureGramTests" */ = {
			isa = XCConfigurationList;
			buildConfigurations = (
				489BA9402D74A5F600D95951 /* Debug */,
				489BA9412D74A5F600D95951 /* Release */,
			);
			defaultConfigurationIsVisible = 0;
			defaultConfigurationName = Release;
		};
		48BF2B5D2D14B20D00117091 /* Build configuration list for PBXProject "PictureGram" */ = {
			isa = XCConfigurationList;
			buildConfigurations = (
				48BF2B742D14B21100117091 /* Debug */,
				48BF2B752D14B21100117091 /* Release */,
			);
			defaultConfigurationIsVisible = 0;
			defaultConfigurationName = Release;
		};
		48BF2B762D14B21100117091 /* Build configuration list for PBXNativeTarget "PictureGram" */ = {
			isa = XCConfigurationList;
			buildConfigurations = (
				48BF2B772D14B21100117091 /* Debug */,
				48BF2B782D14B21100117091 /* Release */,
			);
			defaultConfigurationIsVisible = 0;
			defaultConfigurationName = Release;
		};
/* End XCConfigurationList section */

/* Begin XCRemoteSwiftPackageReference section */
		4857E5DC2D5BD1DC00D1F94E /* XCRemoteSwiftPackageReference "ProgressHUD" */ = {
			isa = XCRemoteSwiftPackageReference;
			repositoryURL = "https://github.com/relatedcode/ProgressHUD";
			requirement = {
				kind = upToNextMajorVersion;
				minimumVersion = 14.1.3;
			};
		};
		48DAEB852D62209A0054B1EB /* XCRemoteSwiftPackageReference "Kingfisher" */ = {
			isa = XCRemoteSwiftPackageReference;
			repositoryURL = "https://github.com/onevcat/Kingfisher.git";
			requirement = {
				kind = upToNextMajorVersion;
				minimumVersion = 8.2.0;
			};
		};
		48DAEB882D627FF00054B1EB /* XCRemoteSwiftPackageReference "SwiftKeychainWrapper" */ = {
			isa = XCRemoteSwiftPackageReference;
			repositoryURL = "https://github.com/jrendel/SwiftKeychainWrapper.git";
			requirement = {
				kind = upToNextMajorVersion;
				minimumVersion = 4.0.1;
			};
		};
/* End XCRemoteSwiftPackageReference section */

/* Begin XCSwiftPackageProductDependency section */
		4857E5DD2D5BD1DC00D1F94E /* ProgressHUD */ = {
			isa = XCSwiftPackageProductDependency;
			package = 4857E5DC2D5BD1DC00D1F94E /* XCRemoteSwiftPackageReference "ProgressHUD" */;
			productName = ProgressHUD;
		};
		48DAEB862D62209A0054B1EB /* Kingfisher */ = {
			isa = XCSwiftPackageProductDependency;
			package = 48DAEB852D62209A0054B1EB /* XCRemoteSwiftPackageReference "Kingfisher" */;
			productName = Kingfisher;
		};
		48DAEB892D627FF00054B1EB /* SwiftKeychainWrapper */ = {
			isa = XCSwiftPackageProductDependency;
			package = 48DAEB882D627FF00054B1EB /* XCRemoteSwiftPackageReference "SwiftKeychainWrapper" */;
			productName = SwiftKeychainWrapper;
		};
/* End XCSwiftPackageProductDependency section */
	};
	rootObject = 48BF2B5A2D14B20D00117091 /* Project object */;
}
